{
  "requires": true,
  "lockfileVersion": 1,
  "dependencies": {
    "node-color-log": {
      "version": "5.3.1",
      "resolved": "https://registry.npmjs.org/node-color-log/-/node-color-log-5.3.1.tgz",
      "integrity": "sha512-dO3OtV4F8dB3Ytxfg6H8qN1RqJ+KJRfIYjsfYLScm+pZ93vzDb2l5mVqRU8GDjTZCXTWeA3n8cV8aIHiV5htlQ=="
    }
  }
}
